<?xml version="1.0" encoding="utf-8"?>
<Project ToolsVersion="4.0" xmlns="http://schemas.microsoft.com/developer/msbuild/2003">
  <ItemGroup>
    <Filter Include="Header Files">
      <UniqueIdentifier>{93995380-89BD-4b04-88EB-625FBE52EBFB}</UniqueIdentifier>
      <Extensions>h;hpp;hxx;hm;inl;inc;xsd</Extensions>
    </Filter>
    <Filter Include="Source Files">
      <UniqueIdentifier>{4FC737F1-C7A5-4376-A066-2A32D752A2FF}</UniqueIdentifier>
      <Extensions>cpp;c;cc;cxx;def;odl;idl;hpj;bat;asm;asmx</Extensions>
    </Filter>
    <Filter Include="Source Files\Resource Files">
      <UniqueIdentifier>{67DA6AB6-F800-4c08-8B7A-83BB121AAD01}</UniqueIdentifier>
      <Extensions>rc;ico;cur;bmp;dlg;rc2;rct;bin;rgs;gif;jpg;jpeg;jpe;resx;tiff;tif;png;wav;mfcribbon-ms</Extensions>
    </Filter>
  </ItemGroup>
  <ItemGroup>
    <ClCompile Include="Simcraft\sc_action.cpp">
      <Filter>Source Files</Filter>
    </ClCompile>
    <ClCompile Include="Simcraft\sc_armory.cpp">
      <Filter>Source Files</Filter>
    </ClCompile>
    <ClCompile Include="Simcraft\sc_attack.cpp">
      <Filter>Source Files</Filter>
    </ClCompile>
    <ClCompile Include="Simcraft\sc_buff.cpp">
      <Filter>Source Files</Filter>
    </ClCompile>
    <ClCompile Include="Simcraft\sc_chart.cpp">
      <Filter>Source Files</Filter>
    </ClCompile>
    <ClCompile Include="Simcraft\sc_consumable.cpp">
      <Filter>Source Files</Filter>
    </ClCompile>
    <ClCompile Include="Simcraft\sc_death_knight.cpp">
      <Filter>Source Files</Filter>
    </ClCompile>
    <ClCompile Include="Simcraft\sc_druid.cpp">
      <Filter>Source Files</Filter>
    </ClCompile>
    <ClCompile Include="Simcraft\sc_enchant.cpp">
      <Filter>Source Files</Filter>
    </ClCompile>
    <ClCompile Include="Simcraft\sc_event.cpp">
      <Filter>Source Files</Filter>
    </ClCompile>
    <ClCompile Include="Simcraft\sc_expressions.cpp">
      <Filter>Source Files</Filter>
    </ClCompile>
    <ClCompile Include="Simcraft\sc_gear_stats.cpp">
      <Filter>Source Files</Filter>
    </ClCompile>
    <ClCompile Include="Simcraft\sc_http.cpp">
      <Filter>Source Files</Filter>
    </ClCompile>
    <ClCompile Include="Simcraft\sc_hunter.cpp">
      <Filter>Source Files</Filter>
    </ClCompile>
    <ClCompile Include="Simcraft\sc_item.cpp">
      <Filter>Source Files</Filter>
    </ClCompile>
    <ClCompile Include="Simcraft\sc_js.cpp">
      <Filter>Source Files</Filter>
    </ClCompile>
    <ClCompile Include="Simcraft\sc_log.cpp">
      <Filter>Source Files</Filter>
    </ClCompile>
    <ClCompile Include="Simcraft\sc_mage.cpp">
      <Filter>Source Files</Filter>
    </ClCompile>
    <ClCompile Include="Simcraft\sc_main.cpp">
      <Filter>Source Files</Filter>
    </ClCompile>
    <ClCompile Include="Simcraft\sc_mmo_champion.cpp">
      <Filter>Source Files</Filter>
    </ClCompile>
    <ClCompile Include="Simcraft\sc_option.cpp">
      <Filter>Source Files</Filter>
    </ClCompile>
    <ClCompile Include="Simcraft\sc_paladin.cpp">
      <Filter>Source Files</Filter>
    </ClCompile>
    <ClCompile Include="Simcraft\sc_pet.cpp">
      <Filter>Source Files</Filter>
    </ClCompile>
    <ClCompile Include="Simcraft\sc_player.cpp">
      <Filter>Source Files</Filter>
    </ClCompile>
    <ClCompile Include="Simcraft\sc_plot.cpp">
      <Filter>Source Files</Filter>
    </ClCompile>
    <ClCompile Include="Simcraft\sc_priest.cpp">
      <Filter>Source Files</Filter>
    </ClCompile>
    <ClCompile Include="Simcraft\sc_raid_event.cpp">
      <Filter>Source Files</Filter>
    </ClCompile>
    <ClCompile Include="Simcraft\sc_rating.cpp">
      <Filter>Source Files</Filter>
    </ClCompile>
    <ClCompile Include="Simcraft\sc_rawr.cpp">
      <Filter>Source Files</Filter>
    </ClCompile>
    <ClCompile Include="Simcraft\sc_report.cpp">
      <Filter>Source Files</Filter>
    </ClCompile>
    <ClCompile Include="Simcraft\sc_rng.cpp">
      <Filter>Source Files</Filter>
    </ClCompile>
    <ClCompile Include="Simcraft\sc_rogue.cpp">
      <Filter>Source Files</Filter>
    </ClCompile>
    <ClCompile Include="Simcraft\sc_scaling.cpp">
      <Filter>Source Files</Filter>
    </ClCompile>
    <ClCompile Include="Simcraft\sc_sequence.cpp">
      <Filter>Source Files</Filter>
    </ClCompile>
    <ClCompile Include="Simcraft\sc_set_bonus.cpp">
      <Filter>Source Files</Filter>
    </ClCompile>
    <ClCompile Include="Simcraft\sc_shaman.cpp">
      <Filter>Source Files</Filter>
    </ClCompile>
    <ClCompile Include="Simcraft\sc_sim.cpp">
      <Filter>Source Files</Filter>
    </ClCompile>
    <ClCompile Include="Simcraft\sc_spell.cpp">
      <Filter>Source Files</Filter>
    </ClCompile>
    <ClCompile Include="Simcraft\sc_stats.cpp">
      <Filter>Source Files</Filter>
    </ClCompile>
    <ClCompile Include="Simcraft\sc_target.cpp">
      <Filter>Source Files</Filter>
    </ClCompile>
    <ClCompile Include="Simcraft\sc_thread.cpp">
      <Filter>Source Files</Filter>
    </ClCompile>
    <ClCompile Include="Simcraft\sc_unique_gear.cpp">
      <Filter>Source Files</Filter>
    </ClCompile>
    <ClCompile Include="Simcraft\sc_util.cpp">
      <Filter>Source Files</Filter>
    </ClCompile>
    <ClCompile Include="Simcraft\sc_warlock.cpp">
      <Filter>Source Files</Filter>
    </ClCompile>
    <ClCompile Include="Simcraft\sc_warrior.cpp">
      <Filter>Source Files</Filter>
    </ClCompile>
    <ClCompile Include="Simcraft\sc_weapon.cpp">
      <Filter>Source Files</Filter>
    </ClCompile>
    <ClCompile Include="Simcraft\sc_wowhead.cpp">
      <Filter>Source Files</Filter>
    </ClCompile>
    <ClCompile Include="Simcraft\sc_xml.cpp">
      <Filter>Source Files</Filter>
    </ClCompile>
  </ItemGroup>
  <ItemGroup>
    <ClInclude Include="Simcraft\simulationcraft.h">
      <Filter>Header Files</Filter>
    </ClInclude>
    <ClInclude Include="vs\stdint.h">
      <Filter>Header Files</Filter>
    </ClInclude>
  </ItemGroup>
</Project>